
Microsoft Visual Studio Solution File, Format Version 12.00
# Visual Studio Version 16
VisualStudioVersion = 16.0.31515.178
MinimumVisualStudioVersion = 10.0.40219.1
Project("{FAE04EC0-301F-11D3-BF4B-00C04F79EFBC}") = "Enum", "Enum\Enum.csproj", "{0716D2CE-385D-4F47-8174-324D5EB25789}"
EndProject
Global
	GlobalSection(SolutionConfigurationPlatforms) = preSolution
		Debug|Any CPU = Debug|Any CPU
		Release|Any CPU = Release|Any CPU
	EndGlobalSection
	GlobalSection(ProjectConfigurationPlatforms) = postSolution
		{0716D2CE-385D-4F47-8174-324D5EB25789}.Debug|Any CPU.ActiveCfg = Debug|Any CPU
		{0716D2CE-385D-4F47-8174-324D5EB25789}.Debug|Any CPU.Build.0 = Debug|Any CPU
		{0716D2CE-385D-4F47-8174-324D5EB25789}.Release|Any CPU.ActiveCfg = Release|Any CPU
		{0716D2CE-385D-4F47-8174-324D5EB25789}.Release|Any CPU.Build.0 = Release|Any CPU
	EndGlobalSection
	GlobalSection(SolutionProperties) = preSolution
		HideSolutionNode = FALSE
	EndGlobalSection
	GlobalSection(ExtensibilityGlobals) = postSolution
		SolutionGuid = {15A34290-6ED9-46FB-9437-B2CC346E28D4}
	EndGlobalSection
EndGlobal
