
Microsoft Visual Studio Solution File, Format Version 12.00
# Visual Studio Version 16
VisualStudioVersion = 16.0.31515.178
MinimumVisualStudioVersion = 10.0.40219.1
Project("{FAE04EC0-301F-11D3-BF4B-00C04F79EFBC}") = "MathComparision", "MathComparision\MathComparision.csproj", "{988DBC79-50E1-4790-9A33-0CB06C35229F}"
EndProject
Global
	GlobalSection(SolutionConfigurationPlatforms) = preSolution
		Debug|Any CPU = Debug|Any CPU
		Release|Any CPU = Release|Any CPU
	EndGlobalSection
	GlobalSection(ProjectConfigurationPlatforms) = postSolution
		{988DBC79-50E1-4790-9A33-0CB06C35229F}.Debug|Any CPU.ActiveCfg = Debug|Any CPU
		{988DBC79-50E1-4790-9A33-0CB06C35229F}.Debug|Any CPU.Build.0 = Debug|Any CPU
		{988DBC79-50E1-4790-9A33-0CB06C35229F}.Release|Any CPU.ActiveCfg = Release|Any CPU
		{988DBC79-50E1-4790-9A33-0CB06C35229F}.Release|Any CPU.Build.0 = Release|Any CPU
	EndGlobalSection
	GlobalSection(SolutionProperties) = preSolution
		HideSolutionNode = FALSE
	EndGlobalSection
	GlobalSection(ExtensibilityGlobals) = postSolution
		SolutionGuid = {CB9395E9-240A-449D-AE09-62019894415B}
	EndGlobalSection
EndGlobal
