
Microsoft Visual Studio Solution File, Format Version 12.00
# Visual Studio Version 16
VisualStudioVersion = 16.0.31515.178
MinimumVisualStudioVersion = 10.0.40219.1
Project("{FAE04EC0-301F-11D3-BF4B-00C04F79EFBC}") = "Lambda", "Lambda\Lambda.csproj", "{06C2E2D8-7923-4A4C-8856-7F3C1393E5BE}"
EndProject
Global
	GlobalSection(SolutionConfigurationPlatforms) = preSolution
		Debug|Any CPU = Debug|Any CPU
		Release|Any CPU = Release|Any CPU
	EndGlobalSection
	GlobalSection(ProjectConfigurationPlatforms) = postSolution
		{06C2E2D8-7923-4A4C-8856-7F3C1393E5BE}.Debug|Any CPU.ActiveCfg = Debug|Any CPU
		{06C2E2D8-7923-4A4C-8856-7F3C1393E5BE}.Debug|Any CPU.Build.0 = Debug|Any CPU
		{06C2E2D8-7923-4A4C-8856-7F3C1393E5BE}.Release|Any CPU.ActiveCfg = Release|Any CPU
		{06C2E2D8-7923-4A4C-8856-7F3C1393E5BE}.Release|Any CPU.Build.0 = Release|Any CPU
	EndGlobalSection
	GlobalSection(SolutionProperties) = preSolution
		HideSolutionNode = FALSE
	EndGlobalSection
	GlobalSection(ExtensibilityGlobals) = postSolution
		SolutionGuid = {7AA56903-871A-49BC-8EF7-B9CE12C9FB3C}
	EndGlobalSection
EndGlobal
